
Microsoft Visual Studio Solution File, Format Version 12.00
# Visual Studio 15
VisualStudioVersion = 15.0.26730.12
MinimumVisualStudioVersion = 10.0.40219.1
Project("{FAE04EC0-301F-11D3-BF4B-00C04F79EFBC}") = "EventGrid.Subscriber", "EventGrid.Subscriber\EventGrid.Subscriber.csproj", "{A03748C6-9E27-4372-9DD2-D946E84B7C7C}"
EndProject
Project("{FAE04EC0-301F-11D3-BF4B-00C04F79EFBC}") = "EventGrid.Publisher", "EventGrid.Publisher\EventGrid.Publisher.csproj", "{40F813D1-D13E-4ED0-A55E-26BEC257DCB3}"
EndProject
Global
	GlobalSection(SolutionConfigurationPlatforms) = preSolution
		Debug|Any CPU = Debug|Any CPU
		Release|Any CPU = Release|Any CPU
	EndGlobalSection
	GlobalSection(ProjectConfigurationPlatforms) = postSolution
		{A03748C6-9E27-4372-9DD2-D946E84B7C7C}.Debug|Any CPU.ActiveCfg = Debug|Any CPU
		{A03748C6-9E27-4372-9DD2-D946E84B7C7C}.Debug|Any CPU.Build.0 = Debug|Any CPU
		{A03748C6-9E27-4372-9DD2-D946E84B7C7C}.Release|Any CPU.ActiveCfg = Release|Any CPU
		{A03748C6-9E27-4372-9DD2-D946E84B7C7C}.Release|Any CPU.Build.0 = Release|Any CPU
		{40F813D1-D13E-4ED0-A55E-26BEC257DCB3}.Debug|Any CPU.ActiveCfg = Debug|Any CPU
		{40F813D1-D13E-4ED0-A55E-26BEC257DCB3}.Debug|Any CPU.Build.0 = Debug|Any CPU
		{40F813D1-D13E-4ED0-A55E-26BEC257DCB3}.Release|Any CPU.ActiveCfg = Release|Any CPU
		{40F813D1-D13E-4ED0-A55E-26BEC257DCB3}.Release|Any CPU.Build.0 = Release|Any CPU
	EndGlobalSection
	GlobalSection(SolutionProperties) = preSolution
		HideSolutionNode = FALSE
	EndGlobalSection
	GlobalSection(ExtensibilityGlobals) = postSolution
		SolutionGuid = {83929452-3899-478E-A83C-C4AC4DC4AF4B}
	EndGlobalSection
EndGlobal
